
Microsoft Visual Studio Solution File, Format Version 12.00
# Visual Studio Version 17
VisualStudioVersion = 17.2.32526.322
MinimumVisualStudioVersion = 10.0.40219.1
Project("{2150E333-8FDC-42A3-9474-1A3956D46DE8}") = "CustomerAccount", "CustomerAccount", "{FBEE6655-8D27-47AA-8C33-06F27242B222}"
EndProject
Project("{9A19103F-16F7-4668-BE54-9A1E7A4F7556}") = "CustomerAccount.WebApi", "Account.WebApi\CustomerAccount.WebApi.csproj", "{C162F742-4063-4A69-804D-915233A2E262}"
EndProject
Project("{9A19103F-16F7-4668-BE54-9A1E7A4F7556}") = "CustomerAccount.Service", "Account.Service\CustomerAccount.Service.csproj", "{36B47EA1-E1B0-4C98-8D80-248225CD6FD5}"
EndProject
Project("{9A19103F-16F7-4668-BE54-9A1E7A4F7556}") = "CustomerAccount.Data", "Account.Data\CustomerAccount.Data.csproj", "{BD2B2D0B-B499-424E-8A92-E81E0C7E00DB}"
EndProject
Project("{9A19103F-16F7-4668-BE54-9A1E7A4F7556}") = "CustomerAccount.DTO", "Accout.DTO\CustomerAccount.DTO.csproj", "{BBF5AA1D-9987-421D-8863-EC0C4BA69C85}"
EndProject
Project("{2150E333-8FDC-42A3-9474-1A3956D46DE8}") = "Transaction", "Transaction", "{87E904F2-7643-4F2C-8E1C-124CE0CC92B6}"
EndProject
Project("{9A19103F-16F7-4668-BE54-9A1E7A4F7556}") = "Transaction.WebApi", "Transaction.WebApi\Transaction.WebApi.csproj", "{53E01A8E-3567-4C4C-8723-C206DC5CA793}"
EndProject
Project("{9A19103F-16F7-4668-BE54-9A1E7A4F7556}") = "Transaction.Data", "Transaction.Data\Transaction.Data.csproj", "{EDBE6811-17CD-4A2E-A030-B3B5F44D4F02}"
EndProject
Project("{9A19103F-16F7-4668-BE54-9A1E7A4F7556}") = "Transaction.Service", "Transaction.Service\Transaction.Service.csproj", "{4698331F-3F94-4D09-94D4-F0910FA88D1A}"
EndProject
Project("{9A19103F-16F7-4668-BE54-9A1E7A4F7556}") = "Transection.DTO", "Transection.DTO\Transection.DTO.csproj", "{CDD77FBB-67A8-4E07-85C3-01980ACBFC5A}"
EndProject
Project("{2150E333-8FDC-42A3-9474-1A3956D46DE8}") = "Messages.NSB", "Messages.NSB", "{E56EC394-D182-4C49-9A14-3D11DF2CE859}"
EndProject
Project("{9A19103F-16F7-4668-BE54-9A1E7A4F7556}") = "Messages.NSB", "Messages.NSB\Messages.NSB.csproj", "{AAF70D38-ADEF-4B31-B131-855BE56DB668}"
EndProject
Global
	GlobalSection(SolutionConfigurationPlatforms) = preSolution
		Debug|Any CPU = Debug|Any CPU
		Release|Any CPU = Release|Any CPU
	EndGlobalSection
	GlobalSection(ProjectConfigurationPlatforms) = postSolution
		{C162F742-4063-4A69-804D-915233A2E262}.Debug|Any CPU.ActiveCfg = Debug|Any CPU
		{C162F742-4063-4A69-804D-915233A2E262}.Debug|Any CPU.Build.0 = Debug|Any CPU
		{C162F742-4063-4A69-804D-915233A2E262}.Release|Any CPU.ActiveCfg = Release|Any CPU
		{C162F742-4063-4A69-804D-915233A2E262}.Release|Any CPU.Build.0 = Release|Any CPU
		{36B47EA1-E1B0-4C98-8D80-248225CD6FD5}.Debug|Any CPU.ActiveCfg = Debug|Any CPU
		{36B47EA1-E1B0-4C98-8D80-248225CD6FD5}.Debug|Any CPU.Build.0 = Debug|Any CPU
		{36B47EA1-E1B0-4C98-8D80-248225CD6FD5}.Release|Any CPU.ActiveCfg = Release|Any CPU
		{36B47EA1-E1B0-4C98-8D80-248225CD6FD5}.Release|Any CPU.Build.0 = Release|Any CPU
		{BD2B2D0B-B499-424E-8A92-E81E0C7E00DB}.Debug|Any CPU.ActiveCfg = Debug|Any CPU
		{BD2B2D0B-B499-424E-8A92-E81E0C7E00DB}.Debug|Any CPU.Build.0 = Debug|Any CPU
		{BD2B2D0B-B499-424E-8A92-E81E0C7E00DB}.Release|Any CPU.ActiveCfg = Release|Any CPU
		{BD2B2D0B-B499-424E-8A92-E81E0C7E00DB}.Release|Any CPU.Build.0 = Release|Any CPU
		{BBF5AA1D-9987-421D-8863-EC0C4BA69C85}.Debug|Any CPU.ActiveCfg = Debug|Any CPU
		{BBF5AA1D-9987-421D-8863-EC0C4BA69C85}.Debug|Any CPU.Build.0 = Debug|Any CPU
		{BBF5AA1D-9987-421D-8863-EC0C4BA69C85}.Release|Any CPU.ActiveCfg = Release|Any CPU
		{BBF5AA1D-9987-421D-8863-EC0C4BA69C85}.Release|Any CPU.Build.0 = Release|Any CPU
		{53E01A8E-3567-4C4C-8723-C206DC5CA793}.Debug|Any CPU.ActiveCfg = Debug|Any CPU
		{53E01A8E-3567-4C4C-8723-C206DC5CA793}.Debug|Any CPU.Build.0 = Debug|Any CPU
		{53E01A8E-3567-4C4C-8723-C206DC5CA793}.Release|Any CPU.ActiveCfg = Release|Any CPU
		{53E01A8E-3567-4C4C-8723-C206DC5CA793}.Release|Any CPU.Build.0 = Release|Any CPU
		{EDBE6811-17CD-4A2E-A030-B3B5F44D4F02}.Debug|Any CPU.ActiveCfg = Debug|Any CPU
		{EDBE6811-17CD-4A2E-A030-B3B5F44D4F02}.Debug|Any CPU.Build.0 = Debug|Any CPU
		{EDBE6811-17CD-4A2E-A030-B3B5F44D4F02}.Release|Any CPU.ActiveCfg = Release|Any CPU
		{EDBE6811-17CD-4A2E-A030-B3B5F44D4F02}.Release|Any CPU.Build.0 = Release|Any CPU
		{4698331F-3F94-4D09-94D4-F0910FA88D1A}.Debug|Any CPU.ActiveCfg = Debug|Any CPU
		{4698331F-3F94-4D09-94D4-F0910FA88D1A}.Debug|Any CPU.Build.0 = Debug|Any CPU
		{4698331F-3F94-4D09-94D4-F0910FA88D1A}.Release|Any CPU.ActiveCfg = Release|Any CPU
		{4698331F-3F94-4D09-94D4-F0910FA88D1A}.Release|Any CPU.Build.0 = Release|Any CPU
		{CDD77FBB-67A8-4E07-85C3-01980ACBFC5A}.Debug|Any CPU.ActiveCfg = Debug|Any CPU
		{CDD77FBB-67A8-4E07-85C3-01980ACBFC5A}.Debug|Any CPU.Build.0 = Debug|Any CPU
		{CDD77FBB-67A8-4E07-85C3-01980ACBFC5A}.Release|Any CPU.ActiveCfg = Release|Any CPU
		{CDD77FBB-67A8-4E07-85C3-01980ACBFC5A}.Release|Any CPU.Build.0 = Release|Any CPU
		{AAF70D38-ADEF-4B31-B131-855BE56DB668}.Debug|Any CPU.ActiveCfg = Debug|Any CPU
		{AAF70D38-ADEF-4B31-B131-855BE56DB668}.Debug|Any CPU.Build.0 = Debug|Any CPU
		{AAF70D38-ADEF-4B31-B131-855BE56DB668}.Release|Any CPU.ActiveCfg = Release|Any CPU
		{AAF70D38-ADEF-4B31-B131-855BE56DB668}.Release|Any CPU.Build.0 = Release|Any CPU
	EndGlobalSection
	GlobalSection(SolutionProperties) = preSolution
		HideSolutionNode = FALSE
	EndGlobalSection
	GlobalSection(NestedProjects) = preSolution
		{C162F742-4063-4A69-804D-915233A2E262} = {FBEE6655-8D27-47AA-8C33-06F27242B222}
		{36B47EA1-E1B0-4C98-8D80-248225CD6FD5} = {FBEE6655-8D27-47AA-8C33-06F27242B222}
		{BD2B2D0B-B499-424E-8A92-E81E0C7E00DB} = {FBEE6655-8D27-47AA-8C33-06F27242B222}
		{BBF5AA1D-9987-421D-8863-EC0C4BA69C85} = {FBEE6655-8D27-47AA-8C33-06F27242B222}
		{53E01A8E-3567-4C4C-8723-C206DC5CA793} = {87E904F2-7643-4F2C-8E1C-124CE0CC92B6}
		{EDBE6811-17CD-4A2E-A030-B3B5F44D4F02} = {87E904F2-7643-4F2C-8E1C-124CE0CC92B6}
		{4698331F-3F94-4D09-94D4-F0910FA88D1A} = {87E904F2-7643-4F2C-8E1C-124CE0CC92B6}
		{CDD77FBB-67A8-4E07-85C3-01980ACBFC5A} = {87E904F2-7643-4F2C-8E1C-124CE0CC92B6}
		{AAF70D38-ADEF-4B31-B131-855BE56DB668} = {E56EC394-D182-4C49-9A14-3D11DF2CE859}
	EndGlobalSection
	GlobalSection(ExtensibilityGlobals) = postSolution
		SolutionGuid = {4C7BB159-5CB7-43E8-BE12-EC8E00A0F648}
	EndGlobalSection
EndGlobal
